
Microsoft Visual Studio Solution File, Format Version 12.00
# Visual Studio 15
VisualStudioVersion = 15.0.28307.572
MinimumVisualStudioVersion = 10.0.40219.1
Project("{8BC9CEB8-8B4A-11D0-8D11-00A0C91BC942}") = "ModbusRTU", "ModbusRTU\ModbusRTU.vcxproj", "{2A10CF02-339D-46A5-801C-44FD6D0E5984}"
EndProject
Global
	GlobalSection(SolutionConfigurationPlatforms) = preSolution
		Debug|x64 = Debug|x64
		Debug|x86 = Debug|x86
		Release|x64 = Release|x64
		Release|x86 = Release|x86
	EndGlobalSection
	GlobalSection(ProjectConfigurationPlatforms) = postSolution
		{2A10CF02-339D-46A5-801C-44FD6D0E5984}.Debug|x64.ActiveCfg = Debug|x64
		{2A10CF02-339D-46A5-801C-44FD6D0E5984}.Debug|x64.Build.0 = Debug|x64
		{2A10CF02-339D-46A5-801C-44FD6D0E5984}.Debug|x86.ActiveCfg = Debug|Win32
		{2A10CF02-339D-46A5-801C-44FD6D0E5984}.Debug|x86.Build.0 = Debug|Win32
		{2A10CF02-339D-46A5-801C-44FD6D0E5984}.Release|x64.ActiveCfg = Release|x64
		{2A10CF02-339D-46A5-801C-44FD6D0E5984}.Release|x64.Build.0 = Release|x64
		{2A10CF02-339D-46A5-801C-44FD6D0E5984}.Release|x86.ActiveCfg = Release|Win32
		{2A10CF02-339D-46A5-801C-44FD6D0E5984}.Release|x86.Build.0 = Release|Win32
	EndGlobalSection
	GlobalSection(SolutionProperties) = preSolution
		HideSolutionNode = FALSE
	EndGlobalSection
	GlobalSection(ExtensibilityGlobals) = postSolution
		SolutionGuid = {6576C895-171C-4658-8F99-D242A01E9696}
	EndGlobalSection
EndGlobal
