
Microsoft Visual Studio Solution File, Format Version 12.00
# Visual Studio 15
VisualStudioVersion = 15.0.28307.572
MinimumVisualStudioVersion = 10.0.40219.1
Project("{8BC9CEB8-8B4A-11D0-8D11-00A0C91BC942}") = "ModbusRTU_synchronous", "ModbusRTU\ModbusRTU.vcxproj", "{2A10CF02-339D-46A5-801C-44FD6D0E5984}"
EndProject
Project("{8BC9CEB8-8B4A-11D0-8D11-00A0C91BC942}") = "Modbus_RTU_ASCII", "Modbus_RTU_ASCII\Modbus_RTU_ASCII.vcxproj", "{48B88BD8-4BEE-40D2-BA44-B1296E5FE225}"
EndProject
Project("{8BC9CEB8-8B4A-11D0-8D11-00A0C91BC942}") = "ModbusRTU_asynchronous", "ModbusRTU_asynchronous\ModbusRTU_asynchronous.vcxproj", "{6D1741F2-4FBE-4ED0-8C3E-1E6BB0142CC5}"
EndProject
Global
	GlobalSection(SolutionConfigurationPlatforms) = preSolution
		Debug|x64 = Debug|x64
		Debug|x86 = Debug|x86
		Release|x64 = Release|x64
		Release|x86 = Release|x86
	EndGlobalSection
	GlobalSection(ProjectConfigurationPlatforms) = postSolution
		{2A10CF02-339D-46A5-801C-44FD6D0E5984}.Debug|x64.ActiveCfg = Debug|x64
		{2A10CF02-339D-46A5-801C-44FD6D0E5984}.Debug|x64.Build.0 = Debug|x64
		{2A10CF02-339D-46A5-801C-44FD6D0E5984}.Debug|x86.ActiveCfg = Debug|Win32
		{2A10CF02-339D-46A5-801C-44FD6D0E5984}.Debug|x86.Build.0 = Debug|Win32
		{2A10CF02-339D-46A5-801C-44FD6D0E5984}.Release|x64.ActiveCfg = Release|x64
		{2A10CF02-339D-46A5-801C-44FD6D0E5984}.Release|x64.Build.0 = Release|x64
		{2A10CF02-339D-46A5-801C-44FD6D0E5984}.Release|x86.ActiveCfg = Release|Win32
		{2A10CF02-339D-46A5-801C-44FD6D0E5984}.Release|x86.Build.0 = Release|Win32
		{48B88BD8-4BEE-40D2-BA44-B1296E5FE225}.Debug|x64.ActiveCfg = Debug|x64
		{48B88BD8-4BEE-40D2-BA44-B1296E5FE225}.Debug|x64.Build.0 = Debug|x64
		{48B88BD8-4BEE-40D2-BA44-B1296E5FE225}.Debug|x86.ActiveCfg = Debug|Win32
		{48B88BD8-4BEE-40D2-BA44-B1296E5FE225}.Debug|x86.Build.0 = Debug|Win32
		{48B88BD8-4BEE-40D2-BA44-B1296E5FE225}.Release|x64.ActiveCfg = Release|x64
		{48B88BD8-4BEE-40D2-BA44-B1296E5FE225}.Release|x64.Build.0 = Release|x64
		{48B88BD8-4BEE-40D2-BA44-B1296E5FE225}.Release|x86.ActiveCfg = Release|Win32
		{48B88BD8-4BEE-40D2-BA44-B1296E5FE225}.Release|x86.Build.0 = Release|Win32
		{6D1741F2-4FBE-4ED0-8C3E-1E6BB0142CC5}.Debug|x64.ActiveCfg = Debug|x64
		{6D1741F2-4FBE-4ED0-8C3E-1E6BB0142CC5}.Debug|x64.Build.0 = Debug|x64
		{6D1741F2-4FBE-4ED0-8C3E-1E6BB0142CC5}.Debug|x86.ActiveCfg = Debug|Win32
		{6D1741F2-4FBE-4ED0-8C3E-1E6BB0142CC5}.Debug|x86.Build.0 = Debug|Win32
		{6D1741F2-4FBE-4ED0-8C3E-1E6BB0142CC5}.Release|x64.ActiveCfg = Release|x64
		{6D1741F2-4FBE-4ED0-8C3E-1E6BB0142CC5}.Release|x64.Build.0 = Release|x64
		{6D1741F2-4FBE-4ED0-8C3E-1E6BB0142CC5}.Release|x86.ActiveCfg = Release|Win32
		{6D1741F2-4FBE-4ED0-8C3E-1E6BB0142CC5}.Release|x86.Build.0 = Release|Win32
	EndGlobalSection
	GlobalSection(SolutionProperties) = preSolution
		HideSolutionNode = FALSE
	EndGlobalSection
	GlobalSection(ExtensibilityGlobals) = postSolution
		SolutionGuid = {6576C895-171C-4658-8F99-D242A01E9696}
	EndGlobalSection
EndGlobal
